# This file is automatically @generated by Cargo.
# It is not intended for manual editing.
version = 4

[[package]]
name = "pramen"
version = "0.0.1"
dependencies = [
 "pramen-core",
]

[[package]]
name = "pramen-ai"
version = "0.0.1"

[[package]]
name = "pramen-core"
version = "0.0.1"

[[package]]
name = "pramen-io"
version = "0.0.1"

[[package]]
name = "pramen-wasm"
version = "0.0.1"
